
Microsoft Visual Studio Solution File, Format Version 12.00
# Visual Studio Version 16
VisualStudioVersion = 16.0.30503.244
MinimumVisualStudioVersion = 10.0.40219.1
Project("{FAE04EC0-301F-11D3-BF4B-00C04F79EFBC}") = "Farm", "Farm\Farm.csproj", "{DE20A652-1582-41E4-9233-27A56C8C4FAE}"
EndProject
Project("{FAE04EC0-301F-11D3-BF4B-00C04F79EFBC}") = "CustomRandomList", "CustomRandomList\CustomRandomList.csproj", "{E4624D44-B072-4DB6-8DA0-806B261E02F1}"
EndProject
Project("{FAE04EC0-301F-11D3-BF4B-00C04F79EFBC}") = "CustomStack", "CustomStack\CustomStack.csproj", "{1DA881BA-790D-4D81-B526-A4AAB310D31C}"
EndProject
Global
	GlobalSection(SolutionConfigurationPlatforms) = preSolution
		Debug|Any CPU = Debug|Any CPU
		Release|Any CPU = Release|Any CPU
	EndGlobalSection
	GlobalSection(ProjectConfigurationPlatforms) = postSolution
		{DE20A652-1582-41E4-9233-27A56C8C4FAE}.Debug|Any CPU.ActiveCfg = Debug|Any CPU
		{DE20A652-1582-41E4-9233-27A56C8C4FAE}.Debug|Any CPU.Build.0 = Debug|Any CPU
		{DE20A652-1582-41E4-9233-27A56C8C4FAE}.Release|Any CPU.ActiveCfg = Release|Any CPU
		{DE20A652-1582-41E4-9233-27A56C8C4FAE}.Release|Any CPU.Build.0 = Release|Any CPU
		{E4624D44-B072-4DB6-8DA0-806B261E02F1}.Debug|Any CPU.ActiveCfg = Debug|Any CPU
		{E4624D44-B072-4DB6-8DA0-806B261E02F1}.Debug|Any CPU.Build.0 = Debug|Any CPU
		{E4624D44-B072-4DB6-8DA0-806B261E02F1}.Release|Any CPU.ActiveCfg = Release|Any CPU
		{E4624D44-B072-4DB6-8DA0-806B261E02F1}.Release|Any CPU.Build.0 = Release|Any CPU
		{1DA881BA-790D-4D81-B526-A4AAB310D31C}.Debug|Any CPU.ActiveCfg = Debug|Any CPU
		{1DA881BA-790D-4D81-B526-A4AAB310D31C}.Debug|Any CPU.Build.0 = Debug|Any CPU
		{1DA881BA-790D-4D81-B526-A4AAB310D31C}.Release|Any CPU.ActiveCfg = Release|Any CPU
		{1DA881BA-790D-4D81-B526-A4AAB310D31C}.Release|Any CPU.Build.0 = Release|Any CPU
	EndGlobalSection
	GlobalSection(SolutionProperties) = preSolution
		HideSolutionNode = FALSE
	EndGlobalSection
	GlobalSection(ExtensibilityGlobals) = postSolution
		SolutionGuid = {CADBA1A6-6964-45DD-807E-B387BCC349A1}
	EndGlobalSection
EndGlobal
